// !$*UTF8*$!
{
	archiveVersion = 1;
	classes = {
	};
	objectVersion = 56;
	objects = {

/* Begin PBXBuildFile section */
		69C4DF2A2A68C2D10000B78C /* IosAppApp.swift in Sources */ = {isa = PBXBuildFile; fileRef = 69C4DF292A68C2D10000B78C /* IosAppApp.swift */; };
		69C4DF2C2A68C2D10000B78C /* ContentView.swift in Sources */ = {isa = PBXBuildFile; fileRef = 69C4DF2B2A68C2D10000B78C /* ContentView.swift */; };
		69C4DF2E2A68C2D30000B78C /* Assets.xcassets in Resources */ = {isa = PBXBuildFile; fileRef = 69C4DF2D2A68C2D30000B78C /* Assets.xcassets */; };
		69C4DF312A68C2D30000B78C /* Preview Assets.xcassets in Resources */ = {isa = PBXBuildFile; fileRef = 69C4DF302A68C2D30000B78C /* Preview Assets.xcassets */; };
		69C4DF3B2A68C2D40000B78C /* IosAppTests.swift in Sources */ = {isa = PBXBuildFile; fileRef = 69C4DF3A2A68C2D40000B78C /* IosAppTests.swift */; };
		69C4DF452A68C2D40000B78C /* IosAppUITests.swift in Sources */ = {isa = PBXBuildFile; fileRef = 69C4DF442A68C2D40000B78C /* IosAppUITests.swift */; };
		69C4DF472A68C2D40000B78C /* IosAppUITestsLaunchTests.swift in Sources */ = {isa = PBXBuildFile; fileRef = 69C4DF462A68C2D40000B78C /* IosAppUITestsLaunchTests.swift */; };
/* End PBXBuildFile section */

/* Begin PBXContainerItemProxy section */
		69C4DF372A68C2D40000B78C /* PBXContainerItemProxy */ = {
			isa = PBXContainerItemProxy;
			containerPortal = 69C4DF1E2A68C2D10000B78C /* Project object */;
			proxyType = 1;
			remoteGlobalIDString = 69C4DF252A68C2D10000B78C;
			remoteInfo = IosApp;
		};
		69C4DF412A68C2D40000B78C /* PBXContainerItemProxy */ = {
			isa = PBXContainerItemProxy;
			containerPortal = 69C4DF1E2A68C2D10000B78C /* Project object */;
			proxyType = 1;
			remoteGlobalIDString = 69C4DF252A68C2D10000B78C;
			remoteInfo = IosApp;
		};
/* End PBXContainerItemProxy section */

/* Begin PBXFileReference section */
		69C4DF262A68C2D10000B78C /* IosApp.app */ = {isa = PBXFileReference; explicitFileType = wrapper.application; includeInIndex = 0; path = IosApp.app; sourceTree = BUILT_PRODUCTS_DIR; };
		69C4DF292A68C2D10000B78C /* IosAppApp.swift */ = {isa = PBXFileReference; lastKnownFileType = sourcecode.swift; path = IosAppApp.swift; sourceTree = "<group>"; };
		69C4DF2B2A68C2D10000B78C /* ContentView.swift */ = {isa = PBXFileReference; lastKnownFileType = sourcecode.swift; path = ContentView.swift; sourceTree = "<group>"; };
		69C4DF2D2A68C2D30000B78C /* Assets.xcassets */ = {isa = PBXFileReference; lastKnownFileType = folder.assetcatalog; path = Assets.xcassets; sourceTree = "<group>"; };
		69C4DF302A68C2D30000B78C /* Preview Assets.xcassets */ = {isa = PBXFileReference; lastKnownFileType = folder.assetcatalog; path = "Preview Assets.xcassets"; sourceTree = "<group>"; };
		69C4DF362A68C2D40000B78C /* IosAppTests.xctest */ = {isa = PBXFileReference; explicitFileType = wrapper.cfbundle; includeInIndex = 0; path = IosAppTests.xctest; sourceTree = BUILT_PRODUCTS_DIR; };
		69C4DF3A2A68C2D40000B78C /* IosAppTests.swift */ = {isa = PBXFileReference; lastKnownFileType = sourcecode.swift; path = IosAppTests.swift; sourceTree = "<group>"; };
		69C4DF402A68C2D40000B78C /* IosAppUITests.xctest */ = {isa = PBXFileReference; explicitFileType = wrapper.cfbundle; includeInIndex = 0; path = IosAppUITests.xctest; sourceTree = BUILT_PRODUCTS_DIR; };
		69C4DF442A68C2D40000B78C /* IosAppUITests.swift */ = {isa = PBXFileReference; lastKnownFileType = sourcecode.swift; path = IosAppUITests.swift; sourceTree = "<group>"; };
		69C4DF462A68C2D40000B78C /* IosAppUITestsLaunchTests.swift */ = {isa = PBXFileReference; lastKnownFileType = sourcecode.swift; path = IosAppUITestsLaunchTests.swift; sourceTree = "<group>"; };
/* End PBXFileReference section */

/* Begin PBXFrameworksBuildPhase section */
		69C4DF232A68C2D10000B78C /* Frameworks */ = {
			isa = PBXFrameworksBuildPhase;
			buildActionMask = 2147483647;
			files = (
			);
			runOnlyForDeploymentPostprocessing = 0;
		};
		69C4DF332A68C2D40000B78C /* Frameworks */ = {
			isa = PBXFrameworksBuildPhase;
			buildActionMask = 2147483647;
			files = (
			);
			runOnlyForDeploymentPostprocessing = 0;
		};
		69C4DF3D2A68C2D40000B78C /* Frameworks */ = {
			isa = PBXFrameworksBuildPhase;
			buildActionMask = 2147483647;
			files = (
			);
			runOnlyForDeploymentPostprocessing = 0;
		};
/* End PBXFrameworksBuildPhase section */

/* Begin PBXGroup section */
		69C4DF1D2A68C2D10000B78C = {
			isa = PBXGroup;
			children = (
				69C4DF282A68C2D10000B78C /* IosApp */,
				69C4DF392A68C2D40000B78C /* IosAppTests */,
				69C4DF432A68C2D40000B78C /* IosAppUITests */,
				69C4DF272A68C2D10000B78C /* Products */,
			);
			sourceTree = "<group>";
		};
		69C4DF272A68C2D10000B78C /* Products */ = {
			isa = PBXGroup;
			children = (
				69C4DF262A68C2D10000B78C /* IosApp.app */,
				69C4DF362A68C2D40000B78C /* IosAppTests.xctest */,
				69C4DF402A68C2D40000B78C /* IosAppUITests.xctest */,
			);
			name = Products;
			sourceTree = "<group>";
		};
		69C4DF282A68C2D10000B78C /* IosApp */ = {
			isa = PBXGroup;
			children = (
				69C4DF292A68C2D10000B78C /* IosAppApp.swift */,
				69C4DF2B2A68C2D10000B78C /* ContentView.swift */,
				69C4DF2D2A68C2D30000B78C /* Assets.xcassets */,
				69C4DF2F2A68C2D30000B78C /* Preview Content */,
			);
			path = IosApp;
			sourceTree = "<group>";
		};
		69C4DF2F2A68C2D30000B78C /* Preview Content */ = {
			isa = PBXGroup;
			children = (
				69C4DF302A68C2D30000B78C /* Preview Assets.xcassets */,
			);
			path = "Preview Content";
			sourceTree = "<group>";
		};
		69C4DF392A68C2D40000B78C /* IosAppTests */ = {
			isa = PBXGroup;
			children = (
				69C4DF3A2A68C2D40000B78C /* IosAppTests.swift */,
			);
			path = IosAppTests;
			sourceTree = "<group>";
		};
		69C4DF432A68C2D40000B78C /* IosAppUITests */ = {
			isa = PBXGroup;
			children = (
				69C4DF442A68C2D40000B78C /* IosAppUITests.swift */,
				69C4DF462A68C2D40000B78C /* IosAppUITestsLaunchTests.swift */,
			);
			path = IosAppUITests;
			sourceTree = "<group>";
		};
/* End PBXGroup section */

/* Begin PBXNativeTarget section */
		69C4DF252A68C2D10000B78C /* IosApp */ = {
			isa = PBXNativeTarget;
			buildConfigurationList = 69C4DF4A2A68C2D40000B78C /* Build configuration list for PBXNativeTarget "IosApp" */;
			buildPhases = (
				69C4DF222A68C2D10000B78C /* Sources */,
				69C4DF232A68C2D10000B78C /* Frameworks */,
				69C4DF242A68C2D10000B78C /* Resources */,
			);
			buildRules = (
			);
			dependencies = (
			);
			name = IosApp;
			productName = IosApp;
			productReference = 69C4DF262A68C2D10000B78C /* IosApp.app */;
			productType = "com.apple.product-type.application";
		};
		69C4DF352A68C2D40000B78C /* IosAppTests */ = {
			isa = PBXNativeTarget;
			buildConfigurationList = 69C4DF4D2A68C2D40000B78C /* Build configuration list for PBXNativeTarget "IosAppTests" */;
			buildPhases = (
				69C4DF322A68C2D40000B78C /* Sources */,
				69C4DF332A68C2D40000B78C /* Frameworks */,
				69C4DF342A68C2D40000B78C /* Resources */,
			);
			buildRules = (
			);
			dependencies = (
				69C4DF382A68C2D40000B78C /* PBXTargetDependency */,
			);
			name = IosAppTests;
			productName = IosAppTests;
			productReference = 69C4DF362A68C2D40000B78C /* IosAppTests.xctest */;
			productType = "com.apple.product-type.bundle.unit-test";
		};
		69C4DF3F2A68C2D40000B78C /* IosAppUITests */ = {
			isa = PBXNativeTarget;
			buildConfigurationList = 69C4DF502A68C2D40000B78C /* Build configuration list for PBXNativeTarget "IosAppUITests" */;
			buildPhases = (
				69C4DF3C2A68C2D40000B78C /* Sources */,
				69C4DF3D2A68C2D40000B78C /* Frameworks */,
				69C4DF3E2A68C2D40000B78C /* Resources */,
			);
			buildRules = (
			);
			dependencies = (
				69C4DF422A68C2D40000B78C /* PBXTargetDependency */,
			);
			name = IosAppUITests;
			productName = IosAppUITests;
			productReference = 69C4DF402A68C2D40000B78C /* IosAppUITests.xctest */;
			productType = "com.apple.product-type.bundle.ui-testing";
		};
/* End PBXNativeTarget section */

/* Begin PBXProject section */
		69C4DF1E2A68C2D10000B78C /* Project object */ = {
			isa = PBXProject;
			attributes = {
				BuildIndependentTargetsInParallel = 1;
				LastSwiftUpdateCheck = 1430;
				LastUpgradeCheck = 1430;
				TargetAttributes = {
					69C4DF252A68C2D10000B78C = {
						CreatedOnToolsVersion = 14.3.1;
					};
					69C4DF352A68C2D40000B78C = {
						CreatedOnToolsVersion = 14.3.1;
						TestTargetID = 69C4DF252A68C2D10000B78C;
					};
					69C4DF3F2A68C2D40000B78C = {
						CreatedOnToolsVersion = 14.3.1;
						TestTargetID = 69C4DF252A68C2D10000B78C;
					};
				};
			};
			buildConfigurationList = 69C4DF212A68C2D10000B78C /* Build configuration list for PBXProject "IosApp" */;
			compatibilityVersion = "Xcode 14.0";
			developmentRegion = en;
			hasScannedForEncodings = 0;
			knownRegions = (
				en,
				Base,
			);
			mainGroup = 69C4DF1D2A68C2D10000B78C;
			productRefGroup = 69C4DF272A68C2D10000B78C /* Products */;
			projectDirPath = "";
			projectRoot = "";
			targets = (
				69C4DF252A68C2D10000B78C /* IosApp */,
				69C4DF352A68C2D40000B78C /* IosAppTests */,
				69C4DF3F2A68C2D40000B78C /* IosAppUITests */,
			);
		};
/* End PBXProject section */

/* Begin PBXResourcesBuildPhase section */
		69C4DF242A68C2D10000B78C /* Resources */ = {
			isa = PBXResourcesBuildPhase;
			buildActionMask = 2147483647;
			files = (
				69C4DF312A68C2D30000B78C /* Preview Assets.xcassets in Resources */,
				69C4DF2E2A68C2D30000B78C /* Assets.xcassets in Resources */,
			);
			runOnlyForDeploymentPostprocessing = 0;
		};
		69C4DF342A68C2D40000B78C /* Resources */ = {
			isa = PBXResourcesBuildPhase;
			buildActionMask = 2147483647;
			files = (
			);
			runOnlyForDeploymentPostprocessing = 0;
		};
		69C4DF3E2A68C2D40000B78C /* Resources */ = {
			isa = PBXResourcesBuildPhase;
			buildActionMask = 2147483647;
			files = (
			);
			runOnlyForDeploymentPostprocessing = 0;
		};
/* End PBXResourcesBuildPhase section */

/* Begin PBXSourcesBuildPhase section */
		69C4DF222A68C2D10000B78C /* Sources */ = {
			isa = PBXSourcesBuildPhase;
			buildActionMask = 2147483647;
			files = (
				69C4DF2C2A68C2D10000B78C /* ContentView.swift in Sources */,
				69C4DF2A2A68C2D10000B78C /* IosAppApp.swift in Sources */,
			);
			runOnlyForDeploymentPostprocessing = 0;
		};
		69C4DF322A68C2D40000B78C /* Sources */ = {
			isa = PBXSourcesBuildPhase;
			buildActionMask = 2147483647;
			files = (
				69C4DF3B2A68C2D40000B78C /* IosAppTests.swift in Sources */,
			);
			runOnlyForDeploymentPostprocessing = 0;
		};
		69C4DF3C2A68C2D40000B78C /* Sources */ = {
			isa = PBXSourcesBuildPhase;
			buildActionMask = 2147483647;
			files = (
				69C4DF472A68C2D40000B78C /* IosAppUITestsLaunchTests.swift in Sources */,
				69C4DF452A68C2D40000B78C /* IosAppUITests.swift in Sources */,
			);
			runOnlyForDeploymentPostprocessing = 0;
		};
/* End PBXSourcesBuildPhase section */

/* Begin PBXTargetDependency section */
		69C4DF382A68C2D40000B78C /* PBXTargetDependency */ = {
			isa = PBXTargetDependency;
			target = 69C4DF252A68C2D10000B78C /* IosApp */;
			targetProxy = 69C4DF372A68C2D40000B78C /* PBXContainerItemProxy */;
		};
		69C4DF422A68C2D40000B78C /* PBXTargetDependency */ = {
			isa = PBXTargetDependency;
			target = 69C4DF252A68C2D10000B78C /* IosApp */;
			targetProxy = 69C4DF412A68C2D40000B78C /* PBXContainerItemProxy */;
		};
/* End PBXTargetDependency section */

/* Begin XCBuildConfiguration section */
		69C4DF482A68C2D40000B78C /* Debug */ = {
			isa = XCBuildConfiguration;
			buildSettings = {
				ALWAYS_SEARCH_USER_PATHS = NO;
				CLANG_ANALYZER_NONNULL = YES;
				CLANG_ANALYZER_NUMBER_OBJECT_CONVERSION = YES_AGGRESSIVE;
				CLANG_CXX_LANGUAGE_STANDARD = "gnu++20";
				CLANG_ENABLE_MODULES = YES;
				CLANG_ENABLE_OBJC_ARC = YES;
				CLANG_ENABLE_OBJC_WEAK = YES;
				CLANG_WARN_BLOCK_CAPTURE_AUTORELEASING = YES;
				CLANG_WARN_BOOL_CONVERSION = YES;
				CLANG_WARN_COMMA = YES;
				CLANG_WARN_CONSTANT_CONVERSION = YES;
				CLANG_WARN_DEPRECATED_OBJC_IMPLEMENTATIONS = YES;
				CLANG_WARN_DIRECT_OBJC_ISA_USAGE = YES_ERROR;
				CLANG_WARN_DOCUMENTATION_COMMENTS = YES;
				CLANG_WARN_EMPTY_BODY = YES;
				CLANG_WARN_ENUM_CONVERSION = YES;
				CLANG_WARN_INFINITE_RECURSION = YES;
				CLANG_WARN_INT_CONVERSION = YES;
				CLANG_WARN_NON_LITERAL_NULL_CONVERSION = YES;
				CLANG_WARN_OBJC_IMPLICIT_RETAIN_SELF = YES;
				CLANG_WARN_OBJC_LITERAL_CONVERSION = YES;
				CLANG_WARN_OBJC_ROOT_CLASS = YES_ERROR;
				CLANG_WARN_QUOTED_INCLUDE_IN_FRAMEWORK_HEADER = YES;
				CLANG_WARN_RANGE_LOOP_ANALYSIS = YES;
				CLANG_WARN_STRICT_PROTOTYPES = YES;
				CLANG_WARN_SUSPICIOUS_MOVE = YES;
				CLANG_WARN_UNGUARDED_AVAILABILITY = YES_AGGRESSIVE;
				CLANG_WARN_UNREACHABLE_CODE = YES;
				CLANG_WARN__DUPLICATE_METHOD_MATCH = YES;
				COPY_PHASE_STRIP = NO;
				DEBUG_INFORMATION_FORMAT = dwarf;
				ENABLE_STRICT_OBJC_MSGSEND = YES;
				ENABLE_TESTABILITY = YES;
				GCC_C_LANGUAGE_STANDARD = gnu11;
				GCC_DYNAMIC_NO_PIC = NO;
				GCC_NO_COMMON_BLOCKS = YES;
				GCC_OPTIMIZATION_LEVEL = 0;
				GCC_PREPROCESSOR_DEFINITIONS = (
					"DEBUG=1",
					"$(inherited)",
				);
				GCC_WARN_64_TO_32_BIT_CONVERSION = YES;
				GCC_WARN_ABOUT_RETURN_TYPE = YES_ERROR;
				GCC_WARN_UNDECLARED_SELECTOR = YES;
				GCC_WARN_UNINITIALIZED_AUTOS = YES_AGGRESSIVE;
				GCC_WARN_UNUSED_FUNCTION = YES;
				GCC_WARN_UNUSED_VARIABLE = YES;
				IPHONEOS_DEPLOYMENT_TARGET = 16.4;
				MTL_ENABLE_DEBUG_INFO = INCLUDE_SOURCE;
				MTL_FAST_MATH = YES;
				ONLY_ACTIVE_ARCH = YES;
				SDKROOT = iphoneos;
				SWIFT_ACTIVE_COMPILATION_CONDITIONS = DEBUG;
				SWIFT_OPTIMIZATION_LEVEL = "-Onone";
			};
			name = Debug;
		};
		69C4DF492A68C2D40000B78C /* Release */ = {
			isa = XCBuildConfiguration;
			buildSettings = {
				ALWAYS_SEARCH_USER_PATHS = NO;
				CLANG_ANALYZER_NONNULL = YES;
				CLANG_ANALYZER_NUMBER_OBJECT_CONVERSION = YES_AGGRESSIVE;
				CLANG_CXX_LANGUAGE_STANDARD = "gnu++20";
				CLANG_ENABLE_MODULES = YES;
				CLANG_ENABLE_OBJC_ARC = YES;
				CLANG_ENABLE_OBJC_WEAK = YES;
				CLANG_WARN_BLOCK_CAPTURE_AUTORELEASING = YES;
				CLANG_WARN_BOOL_CONVERSION = YES;
				CLANG_WARN_COMMA = YES;
				CLANG_WARN_CONSTANT_CONVERSION = YES;
				CLANG_WARN_DEPRECATED_OBJC_IMPLEMENTATIONS = YES;
				CLANG_WARN_DIRECT_OBJC_ISA_USAGE = YES_ERROR;
				CLANG_WARN_DOCUMENTATION_COMMENTS = YES;
				CLANG_WARN_EMPTY_BODY = YES;
				CLANG_WARN_ENUM_CONVERSION = YES;
				CLANG_WARN_INFINITE_RECURSION = YES;
				CLANG_WARN_INT_CONVERSION = YES;
				CLANG_WARN_NON_LITERAL_NULL_CONVERSION = YES;
				CLANG_WARN_OBJC_IMPLICIT_RETAIN_SELF = YES;
				CLANG_WARN_OBJC_LITERAL_CONVERSION = YES;
				CLANG_WARN_OBJC_ROOT_CLASS = YES_ERROR;
				CLANG_WARN_QUOTED_INCLUDE_IN_FRAMEWORK_HEADER = YES;
				CLANG_WARN_RANGE_LOOP_ANALYSIS = YES;
				CLANG_WARN_STRICT_PROTOTYPES = YES;
				CLANG_WARN_SUSPICIOUS_MOVE = YES;
				CLANG_WARN_UNGUARDED_AVAILABILITY = YES_AGGRESSIVE;
				CLANG_WARN_UNREACHABLE_CODE = YES;
				CLANG_WARN__DUPLICATE_METHOD_MATCH = YES;
				COPY_PHASE_STRIP = NO;
				DEBUG_INFORMATION_FORMAT = "dwarf-with-dsym";
				ENABLE_NS_ASSERTIONS = NO;
				ENABLE_STRICT_OBJC_MSGSEND = YES;
				GCC_C_LANGUAGE_STANDARD = gnu11;
				GCC_NO_COMMON_BLOCKS = YES;
				GCC_WARN_64_TO_32_BIT_CONVERSION = YES;
				GCC_WARN_ABOUT_RETURN_TYPE = YES_ERROR;
				GCC_WARN_UNDECLARED_SELECTOR = YES;
				GCC_WARN_UNINITIALIZED_AUTOS = YES_AGGRESSIVE;
				GCC_WARN_UNUSED_FUNCTION = YES;
				GCC_WARN_UNUSED_VARIABLE = YES;
				IPHONEOS_DEPLOYMENT_TARGET = 16.4;
				MTL_ENABLE_DEBUG_INFO = NO;
				MTL_FAST_MATH = YES;
				SDKROOT = iphoneos;
				SWIFT_COMPILATION_MODE = wholemodule;
				SWIFT_OPTIMIZATION_LEVEL = "-O";
				VALIDATE_PRODUCT = YES;
			};
			name = Release;
		};
		69C4DF4B2A68C2D40000B78C /* Debug */ = {
			isa = XCBuildConfiguration;
			buildSettings = {
				ASSETCATALOG_COMPILER_APPICON_NAME = AppIcon;
				ASSETCATALOG_COMPILER_GLOBAL_ACCENT_COLOR_NAME = AccentColor;
				CODE_SIGN_STYLE = Automatic;
				CURRENT_PROJECT_VERSION = 1;
				DEVELOPMENT_ASSET_PATHS = "\"IosApp/Preview Content\"";
				DEVELOPMENT_TEAM = VVSNCLM2Z4;
				ENABLE_PREVIEWS = YES;
				GENERATE_INFOPLIST_FILE = YES;
				INFOPLIST_KEY_UIApplicationSceneManifest_Generation = YES;
				INFOPLIST_KEY_UIApplicationSupportsIndirectInputEvents = YES;
				INFOPLIST_KEY_UILaunchScreen_Generation = YES;
				INFOPLIST_KEY_UISupportedInterfaceOrientations_iPad = "UIInterfaceOrientationPortrait UIInterfaceOrientationPortraitUpsideDown UIInterfaceOrientationLandscapeLeft UIInterfaceOrientationLandscapeRight";
				INFOPLIST_KEY_UISupportedInterfaceOrientations_iPhone = "UIInterfaceOrientationPortrait UIInterfaceOrientationLandscapeLeft UIInterfaceOrientationLandscapeRight";
				LD_RUNPATH_SEARCH_PATHS = (
					"$(inherited)",
					"@executable_path/Frameworks",
				);
				MARKETING_VERSION = 1.0;
				PRODUCT_BUNDLE_IDENTIFIER = adelaide.edu.au.IosApp;
				PRODUCT_NAME = "$(TARGET_NAME)";
				SWIFT_EMIT_LOC_STRINGS = YES;
				SWIFT_VERSION = 5.0;
				TARGETED_DEVICE_FAMILY = "1,2";
			};
			name = Debug;
		};
		69C4DF4C2A68C2D40000B78C /* Release */ = {
			isa = XCBuildConfiguration;
			buildSettings = {
				ASSETCATALOG_COMPILER_APPICON_NAME = AppIcon;
				ASSETCATALOG_COMPILER_GLOBAL_ACCENT_COLOR_NAME = AccentColor;
				CODE_SIGN_STYLE = Automatic;
				CURRENT_PROJECT_VERSION = 1;
				DEVELOPMENT_ASSET_PATHS = "\"IosApp/Preview Content\"";
				DEVELOPMENT_TEAM = VVSNCLM2Z4;
				ENABLE_PREVIEWS = YES;
				GENERATE_INFOPLIST_FILE = YES;
				INFOPLIST_KEY_UIApplicationSceneManifest_Generation = YES;
				INFOPLIST_KEY_UIApplicationSupportsIndirectInputEvents = YES;
				INFOPLIST_KEY_UILaunchScreen_Generation = YES;
				INFOPLIST_KEY_UISupportedInterfaceOrientations_iPad = "UIInterfaceOrientationPortrait UIInterfaceOrientationPortraitUpsideDown UIInterfaceOrientationLandscapeLeft UIInterfaceOrientationLandscapeRight";
				INFOPLIST_KEY_UISupportedInterfaceOrientations_iPhone = "UIInterfaceOrientationPortrait UIInterfaceOrientationLandscapeLeft UIInterfaceOrientationLandscapeRight";
				LD_RUNPATH_SEARCH_PATHS = (
					"$(inherited)",
					"@executable_path/Frameworks",
				);
				MARKETING_VERSION = 1.0;
				PRODUCT_BUNDLE_IDENTIFIER = adelaide.edu.au.IosApp;
				PRODUCT_NAME = "$(TARGET_NAME)";
				SWIFT_EMIT_LOC_STRINGS = YES;
				SWIFT_VERSION = 5.0;
				TARGETED_DEVICE_FAMILY = "1,2";
			};
			name = Release;
		};
		69C4DF4E2A68C2D40000B78C /* Debug */ = {
			isa = XCBuildConfiguration;
			buildSettings = {
				ALWAYS_EMBED_SWIFT_STANDARD_LIBRARIES = YES;
				BUNDLE_LOADER = "$(TEST_HOST)";
				CODE_SIGN_STYLE = Automatic;
				CURRENT_PROJECT_VERSION = 1;
				DEVELOPMENT_TEAM = VVSNCLM2Z4;
				GENERATE_INFOPLIST_FILE = YES;
				IPHONEOS_DEPLOYMENT_TARGET = 16.4;
				MARKETING_VERSION = 1.0;
				PRODUCT_BUNDLE_IDENTIFIER = adelaide.edu.au.IosAppTests;
				PRODUCT_NAME = "$(TARGET_NAME)";
				SWIFT_EMIT_LOC_STRINGS = NO;
				SWIFT_VERSION = 5.0;
				TARGETED_DEVICE_FAMILY = "1,2";
				TEST_HOST = "$(BUILT_PRODUCTS_DIR)/IosApp.app/$(BUNDLE_EXECUTABLE_FOLDER_PATH)/IosApp";
			};
			name = Debug;
		};
		69C4DF4F2A68C2D40000B78C /* Release */ = {
			isa = XCBuildConfiguration;
			buildSettings = {
				ALWAYS_EMBED_SWIFT_STANDARD_LIBRARIES = YES;
				BUNDLE_LOADER = "$(TEST_HOST)";
				CODE_SIGN_STYLE = Automatic;
				CURRENT_PROJECT_VERSION = 1;
				DEVELOPMENT_TEAM = VVSNCLM2Z4;
				GENERATE_INFOPLIST_FILE = YES;
				IPHONEOS_DEPLOYMENT_TARGET = 16.4;
				MARKETING_VERSION = 1.0;
				PRODUCT_BUNDLE_IDENTIFIER = adelaide.edu.au.IosAppTests;
				PRODUCT_NAME = "$(TARGET_NAME)";
				SWIFT_EMIT_LOC_STRINGS = NO;
				SWIFT_VERSION = 5.0;
				TARGETED_DEVICE_FAMILY = "1,2";
				TEST_HOST = "$(BUILT_PRODUCTS_DIR)/IosApp.app/$(BUNDLE_EXECUTABLE_FOLDER_PATH)/IosApp";
			};
			name = Release;
		};
		69C4DF512A68C2D40000B78C /* Debug */ = {
			isa = XCBuildConfiguration;
			buildSettings = {
				ALWAYS_EMBED_SWIFT_STANDARD_LIBRARIES = YES;
				CODE_SIGN_STYLE = Automatic;
				CURRENT_PROJECT_VERSION = 1;
				DEVELOPMENT_TEAM = VVSNCLM2Z4;
				GENERATE_INFOPLIST_FILE = YES;
				MARKETING_VERSION = 1.0;
				PRODUCT_BUNDLE_IDENTIFIER = adelaide.edu.au.IosAppUITests;
				PRODUCT_NAME = "$(TARGET_NAME)";
				SWIFT_EMIT_LOC_STRINGS = NO;
				SWIFT_VERSION = 5.0;
				TARGETED_DEVICE_FAMILY = "1,2";
				TEST_TARGET_NAME = IosApp;
			};
			name = Debug;
		};
		69C4DF522A68C2D40000B78C /* Release */ = {
			isa = XCBuildConfiguration;
			buildSettings = {
				ALWAYS_EMBED_SWIFT_STANDARD_LIBRARIES = YES;
				CODE_SIGN_STYLE = Automatic;
				CURRENT_PROJECT_VERSION = 1;
				DEVELOPMENT_TEAM = VVSNCLM2Z4;
				GENERATE_INFOPLIST_FILE = YES;
				MARKETING_VERSION = 1.0;
				PRODUCT_BUNDLE_IDENTIFIER = adelaide.edu.au.IosAppUITests;
				PRODUCT_NAME = "$(TARGET_NAME)";
				SWIFT_EMIT_LOC_STRINGS = NO;
				SWIFT_VERSION = 5.0;
				TARGETED_DEVICE_FAMILY = "1,2";
				TEST_TARGET_NAME = IosApp;
			};
			name = Release;
		};
/* End XCBuildConfiguration section */

/* Begin XCConfigurationList section */
		69C4DF212A68C2D10000B78C /* Build configuration list for PBXProject "IosApp" */ = {
			isa = XCConfigurationList;
			buildConfigurations = (
				69C4DF482A68C2D40000B78C /* Debug */,
				69C4DF492A68C2D40000B78C /* Release */,
			);
			defaultConfigurationIsVisible = 0;
			defaultConfigurationName = Release;
		};
		69C4DF4A2A68C2D40000B78C /* Build configuration list for PBXNativeTarget "IosApp" */ = {
			isa = XCConfigurationList;
			buildConfigurations = (
				69C4DF4B2A68C2D40000B78C /* Debug */,
				69C4DF4C2A68C2D40000B78C /* Release */,
			);
			defaultConfigurationIsVisible = 0;
			defaultConfigurationName = Release;
		};
		69C4DF4D2A68C2D40000B78C /* Build configuration list for PBXNativeTarget "IosAppTests" */ = {
			isa = XCConfigurationList;
			buildConfigurations = (
				69C4DF4E2A68C2D40000B78C /* Debug */,
				69C4DF4F2A68C2D40000B78C /* Release */,
			);
			defaultConfigurationIsVisible = 0;
			defaultConfigurationName = Release;
		};
		69C4DF502A68C2D40000B78C /* Build configuration list for PBXNativeTarget "IosAppUITests" */ = {
			isa = XCConfigurationList;
			buildConfigurations = (
				69C4DF512A68C2D40000B78C /* Debug */,
				69C4DF522A68C2D40000B78C /* Release */,
			);
			defaultConfigurationIsVisible = 0;
			defaultConfigurationName = Release;
		};
/* End XCConfigurationList section */
	};
	rootObject = 69C4DF1E2A68C2D10000B78C /* Project object */;
}
